Microsoft Visual Studio Solution File, Format Version 12.00
# Visual Studio 2012
Project("{FAE04EC0-301F-11D3-BF4B-00C04F79EFBC}") = "Bachelorthesis Project- AI Image Gen in VG", "Bachelorthesis Project- AI Image Gen in VG.csproj", "{6240CB61-69C1-4115-A26D-70F967FDDF2A}"
EndProject
Global
	GlobalSection(SolutionConfigurationPlatforms) = preSolution
	Debug|Any CPU = Debug|Any CPU
	ExportDebug|Any CPU = ExportDebug|Any CPU
	ExportRelease|Any CPU = ExportRelease|Any CPU
	EndGlobalSection
	GlobalSection(ProjectConfigurationPlatforms) = postSolution
		{6240CB61-69C1-4115-A26D-70F967FDDF2A}.Debug|Any CPU.ActiveCfg = Debug|Any CPU
		{6240CB61-69C1-4115-A26D-70F967FDDF2A}.Debug|Any CPU.Build.0 = Debug|Any CPU
		{6240CB61-69C1-4115-A26D-70F967FDDF2A}.ExportDebug|Any CPU.ActiveCfg = ExportDebug|Any CPU
		{6240CB61-69C1-4115-A26D-70F967FDDF2A}.ExportDebug|Any CPU.Build.0 = ExportDebug|Any CPU
		{6240CB61-69C1-4115-A26D-70F967FDDF2A}.ExportRelease|Any CPU.ActiveCfg = ExportRelease|Any CPU
		{6240CB61-69C1-4115-A26D-70F967FDDF2A}.ExportRelease|Any CPU.Build.0 = ExportRelease|Any CPU
	EndGlobalSection
EndGlobal
